
Microsoft Visual Studio Solution File, Format Version 12.00
Project("{2150E333-8FDC-42A3-9474-1A3956D46DE8}") = "Samples", "Samples", "{539BD5F3-2831-4E54-BE0D-719C40583192}"
EndProject
Project("{FAE04EC0-301F-11D3-BF4B-00C04F79EFBC}") = "Urho3DNet", "Source\Urho3D\CSharp\Urho3DNet.csproj", "{38913C81-4703-4652-B17B-823BAA9B6508}"
EndProject
Project("{FAE04EC0-301F-11D3-BF4B-00C04F79EFBC}") = "102_CSharpProject", "Source\Samples\102_CSharpProject\102_CSharpProject.csproj", "{0A84D2EB-5143-4B84-8287-09901C767178}"
EndProject
Project("{FAE04EC0-301F-11D3-BF4B-00C04F79EFBC}") = "ImGui", "Source\ThirdParty\imgui\ImGui.csproj", "{1D4F152A-8277-4B41-8408-1CFDBD907623}"
EndProject
Project("{2150E333-8FDC-42A3-9474-1A3956D46DE8}") = "ThirdParty", "ThirdParty", "{04AC7048-F8AB-4207-B82F-F086502B96FA}"
EndProject
Global
	GlobalSection(SolutionConfigurationPlatforms) = preSolution
		RelWithDebInfo|x86 = RelWithDebInfo|x86
		RelWithDebInfo|x64 = RelWithDebInfo|x64
		Debug|x64 = Debug|x64
		Debug|x86 = Debug|x86
		MinSizeRel|x86 = MinSizeRel|x86
		MinSizeRel|x64 = MinSizeRel|x64
		Release|x86 = Release|x86
		Release|x64 = Release|x64
	EndGlobalSection
	GlobalSection(ProjectConfigurationPlatforms) = postSolution
		{0A84D2EB-5143-4B84-8287-09901C767178}.RelWithDebInfo|x86.ActiveCfg = RelWithDebInfo|x86
		{0A84D2EB-5143-4B84-8287-09901C767178}.RelWithDebInfo|x86.Build.0 = RelWithDebInfo|x86
		{0A84D2EB-5143-4B84-8287-09901C767178}.RelWithDebInfo|x64.ActiveCfg = RelWithDebInfo|x64
		{0A84D2EB-5143-4B84-8287-09901C767178}.RelWithDebInfo|x64.Build.0 = RelWithDebInfo|x64
		{0A84D2EB-5143-4B84-8287-09901C767178}.Debug|x64.ActiveCfg = Debug|x64
		{0A84D2EB-5143-4B84-8287-09901C767178}.Debug|x64.Build.0 = Debug|x64
		{0A84D2EB-5143-4B84-8287-09901C767178}.Debug|x86.ActiveCfg = Debug|x86
		{0A84D2EB-5143-4B84-8287-09901C767178}.Debug|x86.Build.0 = Debug|x86
		{0A84D2EB-5143-4B84-8287-09901C767178}.MinSizeRel|x86.ActiveCfg = MinSizeRel|x86
		{0A84D2EB-5143-4B84-8287-09901C767178}.MinSizeRel|x86.Build.0 = MinSizeRel|x86
		{0A84D2EB-5143-4B84-8287-09901C767178}.MinSizeRel|x64.ActiveCfg = MinSizeRel|x64
		{0A84D2EB-5143-4B84-8287-09901C767178}.MinSizeRel|x64.Build.0 = MinSizeRel|x64
		{0A84D2EB-5143-4B84-8287-09901C767178}.Release|x86.ActiveCfg = Release|x86
		{0A84D2EB-5143-4B84-8287-09901C767178}.Release|x86.Build.0 = Release|x86
		{0A84D2EB-5143-4B84-8287-09901C767178}.Release|x64.ActiveCfg = Release|x64
		{0A84D2EB-5143-4B84-8287-09901C767178}.Release|x64.Build.0 = Release|x64
		{1D4F152A-8277-4B41-8408-1CFDBD907623}.RelWithDebInfo|x86.ActiveCfg = RelWithDebInfo|x86
		{1D4F152A-8277-4B41-8408-1CFDBD907623}.RelWithDebInfo|x86.Build.0 = RelWithDebInfo|x86
		{1D4F152A-8277-4B41-8408-1CFDBD907623}.RelWithDebInfo|x64.ActiveCfg = RelWithDebInfo|x64
		{1D4F152A-8277-4B41-8408-1CFDBD907623}.RelWithDebInfo|x64.Build.0 = RelWithDebInfo|x64
		{1D4F152A-8277-4B41-8408-1CFDBD907623}.Debug|x64.ActiveCfg = Debug|x64
		{1D4F152A-8277-4B41-8408-1CFDBD907623}.Debug|x64.Build.0 = Debug|x64
		{1D4F152A-8277-4B41-8408-1CFDBD907623}.Debug|x86.ActiveCfg = Debug|x86
		{1D4F152A-8277-4B41-8408-1CFDBD907623}.Debug|x86.Build.0 = Debug|x86
		{1D4F152A-8277-4B41-8408-1CFDBD907623}.MinSizeRel|x86.ActiveCfg = MinSizeRel|x86
		{1D4F152A-8277-4B41-8408-1CFDBD907623}.MinSizeRel|x86.Build.0 = MinSizeRel|x86
		{1D4F152A-8277-4B41-8408-1CFDBD907623}.MinSizeRel|x64.ActiveCfg = MinSizeRel|x64
		{1D4F152A-8277-4B41-8408-1CFDBD907623}.MinSizeRel|x64.Build.0 = MinSizeRel|x64
		{1D4F152A-8277-4B41-8408-1CFDBD907623}.Release|x86.ActiveCfg = Release|x86
		{1D4F152A-8277-4B41-8408-1CFDBD907623}.Release|x86.Build.0 = Release|x86
		{1D4F152A-8277-4B41-8408-1CFDBD907623}.Release|x64.ActiveCfg = Release|x64
		{1D4F152A-8277-4B41-8408-1CFDBD907623}.Release|x64.Build.0 = Release|x64
	EndGlobalSection
	GlobalSection(NestedProjects) = preSolution
		{0A84D2EB-5143-4B84-8287-09901C767178} = {539BD5F3-2831-4E54-BE0D-719C40583192}
		{1D4F152A-8277-4B41-8408-1CFDBD907623} = {04AC7048-F8AB-4207-B82F-F086502B96FA}
	EndGlobalSection
EndGlobal
