
Microsoft Visual Studio Solution File, Format Version 12.00
Project("{FAE04EC0-301F-11D3-BF4B-00C04F79EFBC}") = "Urho3DNet", "Source\Urho3D\CSharp\Urho3DNet.csproj", "{578D6E42-001B-40C6-9770-000B9063C0BF}"
EndProject
Project("{2150E333-8FDC-42A3-9474-1A3956D46DE8}") = "Samples", "Samples", "{0712D42F-9F9E-436A-8A12-5FDF38391F0A}"
EndProject
Project("{FAE04EC0-301F-11D3-BF4B-00C04F79EFBC}") = "102_CSharpProject", "Source\Samples\102_CSharpProject\102_CSharpProject.csproj", "{17D9F352-8535-45CE-8443-CBE0A89121C7}"
EndProject
Project("{2150E333-8FDC-42A3-9474-1A3956D46DE8}") = "ThirdParty", "ThirdParty", "{428D38C3-5A21-481C-AB0D-748526134790}"
EndProject
Project("{FAE04EC0-301F-11D3-BF4B-00C04F79EFBC}") = "ImGuiNet", "Source\ThirdParty\imgui\ImGuiNet.csproj", "{4BAE31E0-8CCC-49E2-8A1A-B7ED655C95BB}"
EndProject
Project("{2150E333-8FDC-42A3-9474-1A3956D46DE8}") = "Tools", "Tools", "{5FD75C10-4C14-4132-BC8F-D83FC93AE424}"
EndProject
Project("{FAE04EC0-301F-11D3-BF4B-00C04F79EFBC}") = "EditorHost", "Source\Tools\Editor\EditorHost\EditorHost.csproj", "{0BA08346-0D8A-4690-A78E-3A03502B56BD}"
EndProject
Project("{FAE04EC0-301F-11D3-BF4B-00C04F79EFBC}") = "104_CSharpEditorPlugin", "Source\Samples\104_CSharpPlugin\104_CSharpPlugin.csproj", "{149F0EAC-9851-4775-90D7-35B700DBD5A4}"
EndProject
Global
	GlobalSection(SolutionConfigurationPlatforms) = preSolution
		Release|x64 = Release|x64
		Release|x86 = Release|x86
		Debug|x64 = Debug|x64
		Debug|x86 = Debug|x86
	EndGlobalSection
	GlobalSection(ProjectConfigurationPlatforms) = postSolution
		{17D9F352-8535-45CE-8443-CBE0A89121C7}.Debug|x64.ActiveCfg = Debug|Any CPU
		{17D9F352-8535-45CE-8443-CBE0A89121C7}.Debug|x64.Build.0 = Debug|Any CPU
		{17D9F352-8535-45CE-8443-CBE0A89121C7}.Debug|x86.ActiveCfg = Debug|Any CPU
		{17D9F352-8535-45CE-8443-CBE0A89121C7}.Debug|x86.Build.0 = Debug|Any CPU
		{17D9F352-8535-45CE-8443-CBE0A89121C7}.Release|x64.ActiveCfg = Release|Any CPU
		{17D9F352-8535-45CE-8443-CBE0A89121C7}.Release|x64.Build.0 = Release|Any CPU
		{17D9F352-8535-45CE-8443-CBE0A89121C7}.Release|x86.ActiveCfg = Release|Any CPU
		{17D9F352-8535-45CE-8443-CBE0A89121C7}.Release|x86.Build.0 = Release|Any CPU
		{4BAE31E0-8CCC-49E2-8A1A-B7ED655C95BB}.Debug|x64.ActiveCfg = Debug|Any CPU
		{4BAE31E0-8CCC-49E2-8A1A-B7ED655C95BB}.Debug|x64.Build.0 = Debug|Any CPU
		{4BAE31E0-8CCC-49E2-8A1A-B7ED655C95BB}.Debug|x86.ActiveCfg = Debug|Any CPU
		{4BAE31E0-8CCC-49E2-8A1A-B7ED655C95BB}.Debug|x86.Build.0 = Debug|Any CPU
		{4BAE31E0-8CCC-49E2-8A1A-B7ED655C95BB}.Release|x64.ActiveCfg = Release|Any CPU
		{4BAE31E0-8CCC-49E2-8A1A-B7ED655C95BB}.Release|x64.Build.0 = Release|Any CPU
		{4BAE31E0-8CCC-49E2-8A1A-B7ED655C95BB}.Release|x86.ActiveCfg = Release|Any CPU
		{4BAE31E0-8CCC-49E2-8A1A-B7ED655C95BB}.Release|x86.Build.0 = Release|Any CPU
		{578D6E42-001B-40C6-9770-000B9063C0BF}.Debug|x64.ActiveCfg = Debug|Any CPU
		{578D6E42-001B-40C6-9770-000B9063C0BF}.Debug|x64.Build.0 = Debug|Any CPU
		{578D6E42-001B-40C6-9770-000B9063C0BF}.Debug|x86.ActiveCfg = Debug|Any CPU
		{578D6E42-001B-40C6-9770-000B9063C0BF}.Debug|x86.Build.0 = Debug|Any CPU
		{578D6E42-001B-40C6-9770-000B9063C0BF}.Release|x64.ActiveCfg = Release|Any CPU
		{578D6E42-001B-40C6-9770-000B9063C0BF}.Release|x64.Build.0 = Release|Any CPU
		{578D6E42-001B-40C6-9770-000B9063C0BF}.Release|x86.ActiveCfg = Release|Any CPU
		{578D6E42-001B-40C6-9770-000B9063C0BF}.Release|x86.Build.0 = Release|Any CPU
		{0BA08346-0D8A-4690-A78E-3A03502B56BD}.Release|x64.ActiveCfg = Release|Any CPU
		{0BA08346-0D8A-4690-A78E-3A03502B56BD}.Release|x64.Build.0 = Release|Any CPU
		{0BA08346-0D8A-4690-A78E-3A03502B56BD}.Release|x86.ActiveCfg = Release|Any CPU
		{0BA08346-0D8A-4690-A78E-3A03502B56BD}.Release|x86.Build.0 = Release|Any CPU
		{0BA08346-0D8A-4690-A78E-3A03502B56BD}.Debug|x64.ActiveCfg = Debug|Any CPU
		{0BA08346-0D8A-4690-A78E-3A03502B56BD}.Debug|x64.Build.0 = Debug|Any CPU
		{0BA08346-0D8A-4690-A78E-3A03502B56BD}.Debug|x86.ActiveCfg = Debug|Any CPU
		{0BA08346-0D8A-4690-A78E-3A03502B56BD}.Debug|x86.Build.0 = Debug|Any CPU
		{149F0EAC-9851-4775-90D7-35B700DBD5A4}.Release|x64.ActiveCfg = Release|Any CPU
		{149F0EAC-9851-4775-90D7-35B700DBD5A4}.Release|x64.Build.0 = Release|Any CPU
		{149F0EAC-9851-4775-90D7-35B700DBD5A4}.Release|x86.ActiveCfg = Release|Any CPU
		{149F0EAC-9851-4775-90D7-35B700DBD5A4}.Release|x86.Build.0 = Release|Any CPU
		{149F0EAC-9851-4775-90D7-35B700DBD5A4}.Debug|x64.ActiveCfg = Debug|Any CPU
		{149F0EAC-9851-4775-90D7-35B700DBD5A4}.Debug|x64.Build.0 = Debug|Any CPU
		{149F0EAC-9851-4775-90D7-35B700DBD5A4}.Debug|x86.ActiveCfg = Debug|Any CPU
		{149F0EAC-9851-4775-90D7-35B700DBD5A4}.Debug|x86.Build.0 = Debug|Any CPU
	EndGlobalSection
	GlobalSection(NestedProjects) = preSolution
		{17D9F352-8535-45CE-8443-CBE0A89121C7} = {0712D42F-9F9E-436A-8A12-5FDF38391F0A}
		{4BAE31E0-8CCC-49E2-8A1A-B7ED655C95BB} = {428D38C3-5A21-481C-AB0D-748526134790}
		{0BA08346-0D8A-4690-A78E-3A03502B56BD} = {5FD75C10-4C14-4132-BC8F-D83FC93AE424}
		{149F0EAC-9851-4775-90D7-35B700DBD5A4} = {0712D42F-9F9E-436A-8A12-5FDF38391F0A}
	EndGlobalSection
EndGlobal
